
Microsoft Visual Studio Solution File, Format Version 12.00
# Visual Studio 15
VisualStudioVersion = 15.0.26228.9
MinimumVisualStudioVersion = 10.0.40219.1
Project("{FAE04EC0-301F-11D3-BF4B-00C04F79EFBC}") = "pyrviProekt", "pyrviProekt\pyrviProekt.csproj", "{B3D53A77-EEBD-42C9-8158-783248258717}"
EndProject
Project("{FAE04EC0-301F-11D3-BF4B-00C04F79EFBC}") = "bubleSort", "bubleSort\bubleSort.csproj", "{E46DD285-5C8E-4EB8-99A0-9703CDC33CEA}"
EndProject
Global
	GlobalSection(SolutionConfigurationPlatforms) = preSolution
		Debug|Any CPU = Debug|Any CPU
		Release|Any CPU = Release|Any CPU
	EndGlobalSection
	GlobalSection(ProjectConfigurationPlatforms) = postSolution
		{B3D53A77-EEBD-42C9-8158-783248258717}.Debug|Any CPU.ActiveCfg = Debug|Any CPU
		{B3D53A77-EEBD-42C9-8158-783248258717}.Debug|Any CPU.Build.0 = Debug|Any CPU
		{B3D53A77-EEBD-42C9-8158-783248258717}.Release|Any CPU.ActiveCfg = Release|Any CPU
		{B3D53A77-EEBD-42C9-8158-783248258717}.Release|Any CPU.Build.0 = Release|Any CPU
		{E46DD285-5C8E-4EB8-99A0-9703CDC33CEA}.Debug|Any CPU.ActiveCfg = Debug|Any CPU
		{E46DD285-5C8E-4EB8-99A0-9703CDC33CEA}.Debug|Any CPU.Build.0 = Debug|Any CPU
		{E46DD285-5C8E-4EB8-99A0-9703CDC33CEA}.Release|Any CPU.ActiveCfg = Release|Any CPU
		{E46DD285-5C8E-4EB8-99A0-9703CDC33CEA}.Release|Any CPU.Build.0 = Release|Any CPU
	EndGlobalSection
	GlobalSection(SolutionProperties) = preSolution
		HideSolutionNode = FALSE
	EndGlobalSection
EndGlobal
